
Microsoft Visual Studio Solution File, Format Version 12.00
# Visual Studio Version 17
VisualStudioVersion = 17.4.33110.190
MinimumVisualStudioVersion = 10.0.40219.1
Project("{FAE04EC0-301F-11D3-BF4B-00C04F79EFBC}") = "DevTrackR.Notifications.API", "DevTrackR.Notifications.API\DevTrackR.Notifications.API.csproj", "{28563751-BE0A-4795-AA90-88FF081F2DBF}"
EndProject
Global
	GlobalSection(SolutionConfigurationPlatforms) = preSolution
		Debug|Any CPU = Debug|Any CPU
		Release|Any CPU = Release|Any CPU
	EndGlobalSection
	GlobalSection(ProjectConfigurationPlatforms) = postSolution
		{28563751-BE0A-4795-AA90-88FF081F2DBF}.Debug|Any CPU.ActiveCfg = Debug|Any CPU
		{28563751-BE0A-4795-AA90-88FF081F2DBF}.Debug|Any CPU.Build.0 = Debug|Any CPU
		{28563751-BE0A-4795-AA90-88FF081F2DBF}.Release|Any CPU.ActiveCfg = Release|Any CPU
		{28563751-BE0A-4795-AA90-88FF081F2DBF}.Release|Any CPU.Build.0 = Release|Any CPU
	EndGlobalSection
	GlobalSection(SolutionProperties) = preSolution
		HideSolutionNode = FALSE
	EndGlobalSection
	GlobalSection(ExtensibilityGlobals) = postSolution
		SolutionGuid = {070B5D9D-4954-4412-96E6-11557C4D9B19}
	EndGlobalSection
EndGlobal
